// !$*UTF8*$!
{
	archiveVersion = 1;
	classes = {
	};
	objectVersion = 50;
	objects = {

/* Begin PBXBuildFile section */
		F1EFBE2826FB6EE000B9E196 /* AppDelegate.swift in Sources */ = {isa = PBXBuildFile; fileRef = F1EFBE2726FB6EE000B9E196 /* AppDelegate.swift */; };
		F1EFBE2A26FB6EE000B9E196 /* SceneDelegate.swift in Sources */ = {isa = PBXBuildFile; fileRef = F1EFBE2926FB6EE000B9E196 /* SceneDelegate.swift */; };
		F1EFBE2C26FB6EE000B9E196 /* ViewController.swift in Sources */ = {isa = PBXBuildFile; fileRef = F1EFBE2B26FB6EE000B9E196 /* ViewController.swift */; };
		F1EFBE2F26FB6EE000B9E196 /* Main.storyboard in Resources */ = {isa = PBXBuildFile; fileRef = F1EFBE2D26FB6EE000B9E196 /* Main.storyboard */; };
		F1EFBE3126FB6EE200B9E196 /* Assets.xcassets in Resources */ = {isa = PBXBuildFile; fileRef = F1EFBE3026FB6EE200B9E196 /* Assets.xcassets */; };
		F1EFBE3426FB6EE200B9E196 /* LaunchScreen.storyboard in Resources */ = {isa = PBXBuildFile; fileRef = F1EFBE3226FB6EE200B9E196 /* LaunchScreen.storyboard */; };
/* End PBXBuildFile section */

/* Begin PBXFileReference section */
		F1EFBE2426FB6EE000B9E196 /* STALAB.app */ = {isa = PBXFileReference; explicitFileType = wrapper.application; includeInIndex = 0; path = STALAB.app; sourceTree = BUILT_PRODUCTS_DIR; };
		F1EFBE2726FB6EE000B9E196 /* AppDelegate.swift */ = {isa = PBXFileReference; lastKnownFileType = sourcecode.swift; path = AppDelegate.swift; sourceTree = "<group>"; };
		F1EFBE2926FB6EE000B9E196 /* SceneDelegate.swift */ = {isa = PBXFileReference; lastKnownFileType = sourcecode.swift; path = SceneDelegate.swift; sourceTree = "<group>"; };
		F1EFBE2B26FB6EE000B9E196 /* ViewController.swift */ = {isa = PBXFileReference; lastKnownFileType = sourcecode.swift; path = ViewController.swift; sourceTree = "<group>"; };
		F1EFBE2E26FB6EE000B9E196 /* Base */ = {isa = PBXFileReference; lastKnownFileType = file.storyboard; name = Base; path = Base.lproj/Main.storyboard; sourceTree = "<group>"; };
		F1EFBE3026FB6EE200B9E196 /* Assets.xcassets */ = {isa = PBXFileReference; lastKnownFileType = folder.assetcatalog; path = Assets.xcassets; sourceTree = "<group>"; };
		F1EFBE3326FB6EE200B9E196 /* Base */ = {isa = PBXFileReference; lastKnownFileType = file.storyboard; name = Base; path = Base.lproj/LaunchScreen.storyboard; sourceTree = "<group>"; };
		F1EFBE3526FB6EE200B9E196 /* Info.plist */ = {isa = PBXFileReference; lastKnownFileType = text.plist.xml; path = Info.plist; sourceTree = "<group>"; };
/* End PBXFileReference section */

/* Begin PBXFrameworksBuildPhase section */
		F1EFBE2126FB6EE000B9E196 /* Frameworks */ = {
			isa = PBXFrameworksBuildPhase;
			buildActionMask = 2147483647;
			files = (
			);
			runOnlyForDeploymentPostprocessing = 0;
		};
/* End PBXFrameworksBuildPhase section */

/* Begin PBXGroup section */
		F196910526FB87E10000B71D /* Classes */ = {
			isa = PBXGroup;
			children = (
				F196910726FB88630000B71D /* Modules */,
				F196910626FB885B0000B71D /* Commons */,
			);
			path = Classes;
			sourceTree = "<group>";
		};
		F196910626FB885B0000B71D /* Commons */ = {
			isa = PBXGroup;
			children = (
			);
			path = Commons;
			sourceTree = "<group>";
		};
		F196910726FB88630000B71D /* Modules */ = {
			isa = PBXGroup;
			children = (
				F196910826FB886E0000B71D /* Signup */,
			);
			path = Modules;
			sourceTree = "<group>";
		};
		F196910826FB886E0000B71D /* Signup */ = {
			isa = PBXGroup;
			children = (
			);
			path = Signup;
			sourceTree = "<group>";
		};
		F1EFBE1B26FB6EE000B9E196 = {
			isa = PBXGroup;
			children = (
				F1EFBE2626FB6EE000B9E196 /* STALAB */,
				F1EFBE2526FB6EE000B9E196 /* Products */,
			);
			sourceTree = "<group>";
		};
		F1EFBE2526FB6EE000B9E196 /* Products */ = {
			isa = PBXGroup;
			children = (
				F1EFBE2426FB6EE000B9E196 /* STALAB.app */,
			);
			name = Products;
			sourceTree = "<group>";
		};
		F1EFBE2626FB6EE000B9E196 /* STALAB */ = {
			isa = PBXGroup;
			children = (
				F196910526FB87E10000B71D /* Classes */,
				F1EFBE2726FB6EE000B9E196 /* AppDelegate.swift */,
				F1EFBE2926FB6EE000B9E196 /* SceneDelegate.swift */,
				F1EFBE2B26FB6EE000B9E196 /* ViewController.swift */,
				F1EFBE2D26FB6EE000B9E196 /* Main.storyboard */,
				F1EFBE3026FB6EE200B9E196 /* Assets.xcassets */,
				F1EFBE3226FB6EE200B9E196 /* LaunchScreen.storyboard */,
				F1EFBE3526FB6EE200B9E196 /* Info.plist */,
			);
			path = STALAB;
			sourceTree = "<group>";
		};
/* End PBXGroup section */

/* Begin PBXNativeTarget section */
		F1EFBE2326FB6EE000B9E196 /* STALAB */ = {
			isa = PBXNativeTarget;
			buildConfigurationList = F1EFBE3826FB6EE200B9E196 /* Build configuration list for PBXNativeTarget "STALAB" */;
			buildPhases = (
				F1EFBE2026FB6EE000B9E196 /* Sources */,
				F1EFBE2126FB6EE000B9E196 /* Frameworks */,
				F1EFBE2226FB6EE000B9E196 /* Resources */,
			);
			buildRules = (
			);
			dependencies = (
			);
			name = STALAB;
			productName = STALAB;
			productReference = F1EFBE2426FB6EE000B9E196 /* STALAB.app */;
			productType = "com.apple.product-type.application";
		};
/* End PBXNativeTarget section */

/* Begin PBXProject section */
		F1EFBE1C26FB6EE000B9E196 /* Project object */ = {
			isa = PBXProject;
			attributes = {
				LastSwiftUpdateCheck = 1250;
				LastUpgradeCheck = 1250;
				TargetAttributes = {
					F1EFBE2326FB6EE000B9E196 = {
						CreatedOnToolsVersion = 12.5.1;
					};
				};
			};
			buildConfigurationList = F1EFBE1F26FB6EE000B9E196 /* Build configuration list for PBXProject "STALAB" */;
			compatibilityVersion = "Xcode 9.3";
			developmentRegion = en;
			hasScannedForEncodings = 0;
			knownRegions = (
				en,
				Base,
			);
			mainGroup = F1EFBE1B26FB6EE000B9E196;
			productRefGroup = F1EFBE2526FB6EE000B9E196 /* Products */;
			projectDirPath = "";
			projectRoot = "";
			targets = (
				F1EFBE2326FB6EE000B9E196 /* STALAB */,
			);
		};
/* End PBXProject section */

/* Begin PBXResourcesBuildPhase section */
		F1EFBE2226FB6EE000B9E196 /* Resources */ = {
			isa = PBXResourcesBuildPhase;
			buildActionMask = 2147483647;
			files = (
				F1EFBE3426FB6EE200B9E196 /* LaunchScreen.storyboard in Resources */,
				F1EFBE3126FB6EE200B9E196 /* Assets.xcassets in Resources */,
				F1EFBE2F26FB6EE000B9E196 /* Main.storyboard in Resources */,
			);
			runOnlyForDeploymentPostprocessing = 0;
		};
/* End PBXResourcesBuildPhase section */

/* Begin PBXSourcesBuildPhase section */
		F1EFBE2026FB6EE000B9E196 /* Sources */ = {
			isa = PBXSourcesBuildPhase;
			buildActionMask = 2147483647;
			files = (
				F1EFBE2C26FB6EE000B9E196 /* ViewController.swift in Sources */,
				F1EFBE2826FB6EE000B9E196 /* AppDelegate.swift in Sources */,
				F1EFBE2A26FB6EE000B9E196 /* SceneDelegate.swift in Sources */,
			);
			runOnlyForDeploymentPostprocessing = 0;
		};
/* End PBXSourcesBuildPhase section */

/* Begin PBXVariantGroup section */
		F1EFBE2D26FB6EE000B9E196 /* Main.storyboard */ = {
			isa = PBXVariantGroup;
			children = (
				F1EFBE2E26FB6EE000B9E196 /* Base */,
			);
			name = Main.storyboard;
			sourceTree = "<group>";
		};
		F1EFBE3226FB6EE200B9E196 /* LaunchScreen.storyboard */ = {
			isa = PBXVariantGroup;
			children = (
				F1EFBE3326FB6EE200B9E196 /* Base */,
			);
			name = LaunchScreen.storyboard;
			sourceTree = "<group>";
		};
/* End PBXVariantGroup section */

/* Begin XCBuildConfiguration section */
		F1EFBE3626FB6EE200B9E196 /* Debug */ = {
			isa = XCBuildConfiguration;
			buildSettings = {
				ALWAYS_SEARCH_USER_PATHS = NO;
				CLANG_ANALYZER_NONNULL = YES;
				CLANG_ANALYZER_NUMBER_OBJECT_CONVERSION = YES_AGGRESSIVE;
				CLANG_CXX_LANGUAGE_STANDARD = "gnu++14";
				CLANG_CXX_LIBRARY = "libc++";
				CLANG_ENABLE_MODULES = YES;
				CLANG_ENABLE_OBJC_ARC = YES;
				CLANG_ENABLE_OBJC_WEAK = YES;
				CLANG_WARN_BLOCK_CAPTURE_AUTORELEASING = YES;
				CLANG_WARN_BOOL_CONVERSION = YES;
				CLANG_WARN_COMMA = YES;
				CLANG_WARN_CONSTANT_CONVERSION = YES;
				CLANG_WARN_DEPRECATED_OBJC_IMPLEMENTATIONS = YES;
				CLANG_WARN_DIRECT_OBJC_ISA_USAGE = YES_ERROR;
				CLANG_WARN_DOCUMENTATION_COMMENTS = YES;
				CLANG_WARN_EMPTY_BODY = YES;
				CLANG_WARN_ENUM_CONVERSION = YES;
				CLANG_WARN_INFINITE_RECURSION = YES;
				CLANG_WARN_INT_CONVERSION = YES;
				CLANG_WARN_NON_LITERAL_NULL_CONVERSION = YES;
				CLANG_WARN_OBJC_IMPLICIT_RETAIN_SELF = YES;
				CLANG_WARN_OBJC_LITERAL_CONVERSION = YES;
				CLANG_WARN_OBJC_ROOT_CLASS = YES_ERROR;
				CLANG_WARN_QUOTED_INCLUDE_IN_FRAMEWORK_HEADER = YES;
				CLANG_WARN_RANGE_LOOP_ANALYSIS = YES;
				CLANG_WARN_STRICT_PROTOTYPES = YES;
				CLANG_WARN_SUSPICIOUS_MOVE = YES;
				CLANG_WARN_UNGUARDED_AVAILABILITY = YES_AGGRESSIVE;
				CLANG_WARN_UNREACHABLE_CODE = YES;
				CLANG_WARN__DUPLICATE_METHOD_MATCH = YES;
				COPY_PHASE_STRIP = NO;
				DEBUG_INFORMATION_FORMAT = dwarf;
				ENABLE_STRICT_OBJC_MSGSEND = YES;
				ENABLE_TESTABILITY = YES;
				GCC_C_LANGUAGE_STANDARD = gnu11;
				GCC_DYNAMIC_NO_PIC = NO;
				GCC_NO_COMMON_BLOCKS = YES;
				GCC_OPTIMIZATION_LEVEL = 0;
				GCC_PREPROCESSOR_DEFINITIONS = (
					"DEBUG=1",
					"$(inherited)",
				);
				GCC_WARN_64_TO_32_BIT_CONVERSION = YES;
				GCC_WARN_ABOUT_RETURN_TYPE = YES_ERROR;
				GCC_WARN_UNDECLARED_SELECTOR = YES;
				GCC_WARN_UNINITIALIZED_AUTOS = YES_AGGRESSIVE;
				GCC_WARN_UNUSED_FUNCTION = YES;
				GCC_WARN_UNUSED_VARIABLE = YES;
				IPHONEOS_DEPLOYMENT_TARGET = 14.5;
				MTL_ENABLE_DEBUG_INFO = INCLUDE_SOURCE;
				MTL_FAST_MATH = YES;
				ONLY_ACTIVE_ARCH = YES;
				SDKROOT = iphoneos;
				SWIFT_ACTIVE_COMPILATION_CONDITIONS = DEBUG;
				SWIFT_OPTIMIZATION_LEVEL = "-Onone";
			};
			name = Debug;
		};
		F1EFBE3726FB6EE200B9E196 /* Release */ = {
			isa = XCBuildConfiguration;
			buildSettings = {
				ALWAYS_SEARCH_USER_PATHS = NO;
				CLANG_ANALYZER_NONNULL = YES;
				CLANG_ANALYZER_NUMBER_OBJECT_CONVERSION = YES_AGGRESSIVE;
				CLANG_CXX_LANGUAGE_STANDARD = "gnu++14";
				CLANG_CXX_LIBRARY = "libc++";
				CLANG_ENABLE_MODULES = YES;
				CLANG_ENABLE_OBJC_ARC = YES;
				CLANG_ENABLE_OBJC_WEAK = YES;
				CLANG_WARN_BLOCK_CAPTURE_AUTORELEASING = YES;
				CLANG_WARN_BOOL_CONVERSION = YES;
				CLANG_WARN_COMMA = YES;
				CLANG_WARN_CONSTANT_CONVERSION = YES;
				CLANG_WARN_DEPRECATED_OBJC_IMPLEMENTATIONS = YES;
				CLANG_WARN_DIRECT_OBJC_ISA_USAGE = YES_ERROR;
				CLANG_WARN_DOCUMENTATION_COMMENTS = YES;
				CLANG_WARN_EMPTY_BODY = YES;
				CLANG_WARN_ENUM_CONVERSION = YES;
				CLANG_WARN_INFINITE_RECURSION = YES;
				CLANG_WARN_INT_CONVERSION = YES;
				CLANG_WARN_NON_LITERAL_NULL_CONVERSION = YES;
				CLANG_WARN_OBJC_IMPLICIT_RETAIN_SELF = YES;
				CLANG_WARN_OBJC_LITERAL_CONVERSION = YES;
				CLANG_WARN_OBJC_ROOT_CLASS = YES_ERROR;
				CLANG_WARN_QUOTED_INCLUDE_IN_FRAMEWORK_HEADER = YES;
				CLANG_WARN_RANGE_LOOP_ANALYSIS = YES;
				CLANG_WARN_STRICT_PROTOTYPES = YES;
				CLANG_WARN_SUSPICIOUS_MOVE = YES;
				CLANG_WARN_UNGUARDED_AVAILABILITY = YES_AGGRESSIVE;
				CLANG_WARN_UNREACHABLE_CODE = YES;
				CLANG_WARN__DUPLICATE_METHOD_MATCH = YES;
				COPY_PHASE_STRIP = NO;
				DEBUG_INFORMATION_FORMAT = "dwarf-with-dsym";
				ENABLE_NS_ASSERTIONS = NO;
				ENABLE_STRICT_OBJC_MSGSEND = YES;
				GCC_C_LANGUAGE_STANDARD = gnu11;
				GCC_NO_COMMON_BLOCKS = YES;
				GCC_WARN_64_TO_32_BIT_CONVERSION = YES;
				GCC_WARN_ABOUT_RETURN_TYPE = YES_ERROR;
				GCC_WARN_UNDECLARED_SELECTOR = YES;
				GCC_WARN_UNINITIALIZED_AUTOS = YES_AGGRESSIVE;
				GCC_WARN_UNUSED_FUNCTION = YES;
				GCC_WARN_UNUSED_VARIABLE = YES;
				IPHONEOS_DEPLOYMENT_TARGET = 14.5;
				MTL_ENABLE_DEBUG_INFO = NO;
				MTL_FAST_MATH = YES;
				SDKROOT = iphoneos;
				SWIFT_COMPILATION_MODE = wholemodule;
				SWIFT_OPTIMIZATION_LEVEL = "-O";
				VALIDATE_PRODUCT = YES;
			};
			name = Release;
		};
		F1EFBE3926FB6EE200B9E196 /* Debug */ = {
			isa = XCBuildConfiguration;
			buildSettings = {
				ASSETCATALOG_COMPILER_APPICON_NAME = AppIcon;
				ASSETCATALOG_COMPILER_GLOBAL_ACCENT_COLOR_NAME = AccentColor;
				CODE_SIGN_STYLE = Automatic;
				INFOPLIST_FILE = STALAB/Info.plist;
				LD_RUNPATH_SEARCH_PATHS = (
					"$(inherited)",
					"@executable_path/Frameworks",
				);
				PRODUCT_BUNDLE_IDENTIFIER = net.matsushima.STALAB;
				PRODUCT_NAME = "$(TARGET_NAME)";
				SWIFT_VERSION = 5.0;
				TARGETED_DEVICE_FAMILY = "1,2";
			};
			name = Debug;
		};
		F1EFBE3A26FB6EE200B9E196 /* Release */ = {
			isa = XCBuildConfiguration;
			buildSettings = {
				ASSETCATALOG_COMPILER_APPICON_NAME = AppIcon;
				ASSETCATALOG_COMPILER_GLOBAL_ACCENT_COLOR_NAME = AccentColor;
				CODE_SIGN_STYLE = Automatic;
				INFOPLIST_FILE = STALAB/Info.plist;
				LD_RUNPATH_SEARCH_PATHS = (
					"$(inherited)",
					"@executable_path/Frameworks",
				);
				PRODUCT_BUNDLE_IDENTIFIER = net.matsushima.STALAB;
				PRODUCT_NAME = "$(TARGET_NAME)";
				SWIFT_VERSION = 5.0;
				TARGETED_DEVICE_FAMILY = "1,2";
			};
			name = Release;
		};
/* End XCBuildConfiguration section */

/* Begin XCConfigurationList section */
		F1EFBE1F26FB6EE000B9E196 /* Build configuration list for PBXProject "STALAB" */ = {
			isa = XCConfigurationList;
			buildConfigurations = (
				F1EFBE3626FB6EE200B9E196 /* Debug */,
				F1EFBE3726FB6EE200B9E196 /* Release */,
			);
			defaultConfigurationIsVisible = 0;
			defaultConfigurationName = Release;
		};
		F1EFBE3826FB6EE200B9E196 /* Build configuration list for PBXNativeTarget "STALAB" */ = {
			isa = XCConfigurationList;
			buildConfigurations = (
				F1EFBE3926FB6EE200B9E196 /* Debug */,
				F1EFBE3A26FB6EE200B9E196 /* Release */,
			);
			defaultConfigurationIsVisible = 0;
			defaultConfigurationName = Release;
		};
/* End XCConfigurationList section */
	};
	rootObject = F1EFBE1C26FB6EE000B9E196 /* Project object */;
}
